// !$*UTF8*$!
{
	archiveVersion = 1;
	classes = {
	};
	objectVersion = 46;
	objects = {

/* Begin PBXBuildFile section */
		75136D7E1C73AADA001B0BD2 /* SCNNodeExtension.swift in Sources */ = {isa = PBXBuildFile; fileRef = 75136D7D1C73AADA001B0BD2 /* SCNNodeExtension.swift */; };
		75136D7F1C73AB0E001B0BD2 /* SCNNodeExtension.swift in Sources */ = {isa = PBXBuildFile; fileRef = 75136D7D1C73AADA001B0BD2 /* SCNNodeExtension.swift */; };
		753CE1F11C54216F00E69669 /* SceneExtensionTests.swift in Sources */ = {isa = PBXBuildFile; fileRef = 753CE1F01C54216F00E69669 /* SceneExtensionTests.swift */; };
		753CE1F21C547C2000E69669 /* SCNSceneExtension.swift in Sources */ = {isa = PBXBuildFile; fileRef = 75A2D8EE1AC1B4C700AA42A9 /* SCNSceneExtension.swift */; };
		756A1DD81C72FDEE000ECC98 /* SCNGeometryExtension.swift in Sources */ = {isa = PBXBuildFile; fileRef = 7527D0901C725A8A00317CE3 /* SCNGeometryExtension.swift */; };
		756A1DD91C72FE3A000ECC98 /* SCNGeometryExtension.swift in Sources */ = {isa = PBXBuildFile; fileRef = 7527D0901C725A8A00317CE3 /* SCNGeometryExtension.swift */; };
		75718DE71C7135E10028A29B /* KDTNode.swift in Sources */ = {isa = PBXBuildFile; fileRef = 75718DE61C7135E10028A29B /* KDTNode.swift */; };
		7589F1941AC000F80054A956 /* AppDelegate.swift in Sources */ = {isa = PBXBuildFile; fileRef = 7589F1931AC000F80054A956 /* AppDelegate.swift */; };
		7589F1961AC000F80054A956 /* MonteCarloView.swift in Sources */ = {isa = PBXBuildFile; fileRef = 7589F1951AC000F80054A956 /* MonteCarloView.swift */; };
		7589F1981AC000F80054A956 /* MonteCarloViewController.swift in Sources */ = {isa = PBXBuildFile; fileRef = 7589F1971AC000F80054A956 /* MonteCarloViewController.swift */; };
		7589F19C1AC000F80054A956 /* Images.xcassets in Resources */ = {isa = PBXBuildFile; fileRef = 7589F19B1AC000F80054A956 /* Images.xcassets */; };
		7589F19F1AC000F80054A956 /* MainMenu.xib in Resources */ = {isa = PBXBuildFile; fileRef = 7589F19D1AC000F80054A956 /* MainMenu.xib */; };
		7589F1AB1AC000F80054A956 /* VectorTests.swift in Sources */ = {isa = PBXBuildFile; fileRef = 7589F1AA1AC000F80054A956 /* VectorTests.swift */; };
		7589F1B51AC05D160054A956 /* SCNVectorExtension.swift in Sources */ = {isa = PBXBuildFile; fileRef = 7589F1B41AC05D160054A956 /* SCNVectorExtension.swift */; };
		7589F1B61AC0646B0054A956 /* SCNVectorExtension.swift in Sources */ = {isa = PBXBuildFile; fileRef = 7589F1B41AC05D160054A956 /* SCNVectorExtension.swift */; };
		7589F1BC1AC066B80054A956 /* BulkMaterial.swift in Sources */ = {isa = PBXBuildFile; fileRef = 7589F1B71AC066B80054A956 /* BulkMaterial.swift */; };
		7589F1BD1AC066B80054A956 /* BulkHenyeyGreenstein.swift in Sources */ = {isa = PBXBuildFile; fileRef = 7589F1B81AC066B80054A956 /* BulkHenyeyGreenstein.swift */; };
		7589F1C01AC066B80054A956 /* Photon.swift in Sources */ = {isa = PBXBuildFile; fileRef = 7589F1BB1AC066B80054A956 /* Photon.swift */; };
		75A2D8EC1AC0A57E00AA42A9 /* BulkMaterial.swift in Sources */ = {isa = PBXBuildFile; fileRef = 7589F1B71AC066B80054A956 /* BulkMaterial.swift */; };
		75A2D8ED1AC0A5C400AA42A9 /* Photon.swift in Sources */ = {isa = PBXBuildFile; fileRef = 7589F1BB1AC066B80054A956 /* Photon.swift */; };
		75A2D8EF1AC1B4C700AA42A9 /* SCNSceneExtension.swift in Sources */ = {isa = PBXBuildFile; fileRef = 75A2D8EE1AC1B4C700AA42A9 /* SCNSceneExtension.swift */; };
		75C67F691C73D19400BD80EA /* KDTNode.swift in Sources */ = {isa = PBXBuildFile; fileRef = 75718DE61C7135E10028A29B /* KDTNode.swift */; };
		75DCE2FF1C87AC8200EC06BC /* KDTNodeTests.swift in Sources */ = {isa = PBXBuildFile; fileRef = 75DCE2FE1C87AC8200EC06BC /* KDTNodeTests.swift */; };
		75DDE0AE1C7FCA9D00E15903 /* GeometryTests.swift in Sources */ = {isa = PBXBuildFile; fileRef = 75DDE0AD1C7FCA9D00E15903 /* GeometryTests.swift */; };
		75E1CF881C88E63800CF2715 /* BulkHenyeyGreenstein.swift in Sources */ = {isa = PBXBuildFile; fileRef = 7589F1B81AC066B80054A956 /* BulkHenyeyGreenstein.swift */; };
		75F87D641C7E9BCA006B356F /* NodeExtensionTests.swift in Sources */ = {isa = PBXBuildFile; fileRef = 75F87D631C7E9BCA006B356F /* NodeExtensionTests.swift */; };
/* End PBXBuildFile section */

/* Begin PBXContainerItemProxy section */
		7589F1A51AC000F80054A956 /* PBXContainerItemProxy */ = {
			isa = PBXContainerItemProxy;
			containerPortal = 7589F1861AC000F80054A956 /* Project object */;
			proxyType = 1;
			remoteGlobalIDString = 7589F18D1AC000F80054A956;
			remoteInfo = MonteCarlo3D;
		};
/* End PBXContainerItemProxy section */

/* Begin PBXFileReference section */
		75136D7D1C73AADA001B0BD2 /* SCNNodeExtension.swift */ = {isa = PBXFileReference; fileEncoding = 4; lastKnownFileType = sourcecode.swift; path = SCNNodeExtension.swift; sourceTree = "<group>"; };
		7527D0901C725A8A00317CE3 /* SCNGeometryExtension.swift */ = {isa = PBXFileReference; fileEncoding = 4; lastKnownFileType = sourcecode.swift; name = SCNGeometryExtension.swift; path = ../SCNGeometryExtension.swift; sourceTree = "<group>"; };
		753CE1F01C54216F00E69669 /* SceneExtensionTests.swift */ = {isa = PBXFileReference; fileEncoding = 4; lastKnownFileType = sourcecode.swift; path = SceneExtensionTests.swift; sourceTree = "<group>"; };
		756A1DDA1C738BD9000ECC98 /* heatMapPhotons.m */ = {isa = PBXFileReference; fileEncoding = 4; lastKnownFileType = sourcecode.c.objc; path = heatMapPhotons.m; sourceTree = "<group>"; };
		75718DE61C7135E10028A29B /* KDTNode.swift */ = {isa = PBXFileReference; fileEncoding = 4; lastKnownFileType = sourcecode.swift; path = KDTNode.swift; sourceTree = "<group>"; };
		7589F18E1AC000F80054A956 /* MonteCarlo3D.app */ = {isa = PBXFileReference; explicitFileType = wrapper.application; includeInIndex = 0; path = MonteCarlo3D.app; sourceTree = BUILT_PRODUCTS_DIR; };
		7589F1921AC000F80054A956 /* Info.plist */ = {isa = PBXFileReference; lastKnownFileType = text.plist.xml; path = Info.plist; sourceTree = "<group>"; };
		7589F1931AC000F80054A956 /* AppDelegate.swift */ = {isa = PBXFileReference; lastKnownFileType = sourcecode.swift; path = AppDelegate.swift; sourceTree = "<group>"; };
		7589F1951AC000F80054A956 /* MonteCarloView.swift */ = {isa = PBXFileReference; lastKnownFileType = sourcecode.swift; path = MonteCarloView.swift; sourceTree = "<group>"; };
		7589F1971AC000F80054A956 /* MonteCarloViewController.swift */ = {isa = PBXFileReference; lastKnownFileType = sourcecode.swift; path = MonteCarloViewController.swift; sourceTree = "<group>"; };
		7589F19B1AC000F80054A956 /* Images.xcassets */ = {isa = PBXFileReference; lastKnownFileType = folder.assetcatalog; path = Images.xcassets; sourceTree = "<group>"; };
		7589F19E1AC000F80054A956 /* Base */ = {isa = PBXFileReference; lastKnownFileType = file.xib; name = Base; path = Base.lproj/MainMenu.xib; sourceTree = "<group>"; };
		7589F1A41AC000F80054A956 /* MonteCarlo3DTests.xctest */ = {isa = PBXFileReference; explicitFileType = wrapper.cfbundle; includeInIndex = 0; path = MonteCarlo3DTests.xctest; sourceTree = BUILT_PRODUCTS_DIR; };
		7589F1A91AC000F80054A956 /* Info.plist */ = {isa = PBXFileReference; lastKnownFileType = text.plist.xml; path = Info.plist; sourceTree = "<group>"; };
		7589F1AA1AC000F80054A956 /* VectorTests.swift */ = {isa = PBXFileReference; lastKnownFileType = sourcecode.swift; path = VectorTests.swift; sourceTree = "<group>"; };
		7589F1B41AC05D160054A956 /* SCNVectorExtension.swift */ = {isa = PBXFileReference; fileEncoding = 4; lastKnownFileType = sourcecode.swift; path = SCNVectorExtension.swift; sourceTree = "<group>"; };
		7589F1B71AC066B80054A956 /* BulkMaterial.swift */ = {isa = PBXFileReference; fileEncoding = 4; lastKnownFileType = sourcecode.swift; path = BulkMaterial.swift; sourceTree = "<group>"; };
		7589F1B81AC066B80054A956 /* BulkHenyeyGreenstein.swift */ = {isa = PBXFileReference; fileEncoding = 4; lastKnownFileType = sourcecode.swift; path = BulkHenyeyGreenstein.swift; sourceTree = "<group>"; };
		7589F1BB1AC066B80054A956 /* Photon.swift */ = {isa = PBXFileReference; fileEncoding = 4; lastKnownFileType = sourcecode.swift; path = Photon.swift; sourceTree = "<group>"; };
		75A2D8EE1AC1B4C700AA42A9 /* SCNSceneExtension.swift */ = {isa = PBXFileReference; fileEncoding = 4; lastKnownFileType = sourcecode.swift; path = SCNSceneExtension.swift; sourceTree = "<group>"; };
		75A794901C8FEE39006E6E05 /* KDTNode+SCNNodeExtension.swift */ = {isa = PBXFileReference; fileEncoding = 4; lastKnownFileType = sourcecode.swift; path = "KDTNode+SCNNodeExtension.swift"; sourceTree = "<group>"; };
		75DCE2FE1C87AC8200EC06BC /* KDTNodeTests.swift */ = {isa = PBXFileReference; fileEncoding = 4; lastKnownFileType = sourcecode.swift; path = KDTNodeTests.swift; sourceTree = "<group>"; };
		75DDE0AD1C7FCA9D00E15903 /* GeometryTests.swift */ = {isa = PBXFileReference; fileEncoding = 4; lastKnownFileType = sourcecode.swift; path = GeometryTests.swift; sourceTree = "<group>"; };
		75F87D631C7E9BCA006B356F /* NodeExtensionTests.swift */ = {isa = PBXFileReference; fileEncoding = 4; lastKnownFileType = sourcecode.swift; path = NodeExtensionTests.swift; sourceTree = "<group>"; };
/* End PBXFileReference section */

/* Begin PBXFrameworksBuildPhase section */
		7589F18B1AC000F80054A956 /* Frameworks */ = {
			isa = PBXFrameworksBuildPhase;
			buildActionMask = 2147483647;
			files = (
			);
			runOnlyForDeploymentPostprocessing = 0;
		};
		7589F1A11AC000F80054A956 /* Frameworks */ = {
			isa = PBXFrameworksBuildPhase;
			buildActionMask = 2147483647;
			files = (
			);
			runOnlyForDeploymentPostprocessing = 0;
		};
/* End PBXFrameworksBuildPhase section */

/* Begin PBXGroup section */
		756A1DDC1C738CCB000ECC98 /* MATLAB */ = {
			isa = PBXGroup;
			children = (
				756A1DDA1C738BD9000ECC98 /* heatMapPhotons.m */,
			);
			name = MATLAB;
			sourceTree = "<group>";
		};
		7589F1851AC000F80054A956 = {
			isa = PBXGroup;
			children = (
				7589F1901AC000F80054A956 /* MonteCarlo3D */,
				7589F1A71AC000F80054A956 /* MonteCarlo3DTests */,
				7589F18F1AC000F80054A956 /* Products */,
			);
			sourceTree = "<group>";
		};
		7589F18F1AC000F80054A956 /* Products */ = {
			isa = PBXGroup;
			children = (
				7589F18E1AC000F80054A956 /* MonteCarlo3D.app */,
				7589F1A41AC000F80054A956 /* MonteCarlo3DTests.xctest */,
			);
			name = Products;
			sourceTree = "<group>";
		};
		7589F1901AC000F80054A956 /* MonteCarlo3D */ = {
			isa = PBXGroup;
			children = (
				756A1DDC1C738CCB000ECC98 /* MATLAB */,
				7589F1C11AC067790054A956 /* UI */,
				7589F1C21AC067EA0054A956 /* MonteCarlo */,
				7589F1C31AC068030054A956 /* Extensions */,
				7589F19B1AC000F80054A956 /* Images.xcassets */,
				7589F19D1AC000F80054A956 /* MainMenu.xib */,
				7589F1911AC000F80054A956 /* Supporting Files */,
			);
			path = MonteCarlo3D;
			sourceTree = "<group>";
		};
		7589F1911AC000F80054A956 /* Supporting Files */ = {
			isa = PBXGroup;
			children = (
				7589F1921AC000F80054A956 /* Info.plist */,
			);
			name = "Supporting Files";
			sourceTree = "<group>";
		};
		7589F1A71AC000F80054A956 /* MonteCarlo3DTests */ = {
			isa = PBXGroup;
			children = (
				7589F1AA1AC000F80054A956 /* VectorTests.swift */,
				753CE1F01C54216F00E69669 /* SceneExtensionTests.swift */,
				75F87D631C7E9BCA006B356F /* NodeExtensionTests.swift */,
				75DDE0AD1C7FCA9D00E15903 /* GeometryTests.swift */,
				75DCE2FE1C87AC8200EC06BC /* KDTNodeTests.swift */,
				7589F1A81AC000F80054A956 /* Supporting Files */,
			);
			path = MonteCarlo3DTests;
			sourceTree = "<group>";
		};
		7589F1A81AC000F80054A956 /* Supporting Files */ = {
			isa = PBXGroup;
			children = (
				7589F1A91AC000F80054A956 /* Info.plist */,
			);
			name = "Supporting Files";
			sourceTree = "<group>";
		};
		7589F1C11AC067790054A956 /* UI */ = {
			isa = PBXGroup;
			children = (
				7589F1931AC000F80054A956 /* AppDelegate.swift */,
				7589F1951AC000F80054A956 /* MonteCarloView.swift */,
				7589F1971AC000F80054A956 /* MonteCarloViewController.swift */,
			);
			name = UI;
			sourceTree = "<group>";
		};
		7589F1C21AC067EA0054A956 /* MonteCarlo */ = {
			isa = PBXGroup;
			children = (
				7589F1B71AC066B80054A956 /* BulkMaterial.swift */,
				7589F1B81AC066B80054A956 /* BulkHenyeyGreenstein.swift */,
				7589F1BB1AC066B80054A956 /* Photon.swift */,
			);
			name = MonteCarlo;
			sourceTree = "<group>";
		};
		7589F1C31AC068030054A956 /* Extensions */ = {
			isa = PBXGroup;
			children = (
				7589F1B41AC05D160054A956 /* SCNVectorExtension.swift */,
				75A2D8EE1AC1B4C700AA42A9 /* SCNSceneExtension.swift */,
				75136D7D1C73AADA001B0BD2 /* SCNNodeExtension.swift */,
				7527D0901C725A8A00317CE3 /* SCNGeometryExtension.swift */,
				75718DE61C7135E10028A29B /* KDTNode.swift */,
				75A794901C8FEE39006E6E05 /* KDTNode+SCNNodeExtension.swift */,
			);
			name = Extensions;
			sourceTree = "<group>";
		};
/* End PBXGroup section */

/* Begin PBXNativeTarget section */
		7589F18D1AC000F80054A956 /* MonteCarlo3D */ = {
			isa = PBXNativeTarget;
			buildConfigurationList = 7589F1AE1AC000F80054A956 /* Build configuration list for PBXNativeTarget "MonteCarlo3D" */;
			buildPhases = (
				7589F18A1AC000F80054A956 /* Sources */,
				7589F18B1AC000F80054A956 /* Frameworks */,
				7589F18C1AC000F80054A956 /* Resources */,
			);
			buildRules = (
			);
			dependencies = (
			);
			name = MonteCarlo3D;
			productName = MonteCarlo3D;
			productReference = 7589F18E1AC000F80054A956 /* MonteCarlo3D.app */;
			productType = "com.apple.product-type.application";
		};
		7589F1A31AC000F80054A956 /* MonteCarlo3DTests */ = {
			isa = PBXNativeTarget;
			buildConfigurationList = 7589F1B11AC000F80054A956 /* Build configuration list for PBXNativeTarget "MonteCarlo3DTests" */;
			buildPhases = (
				7589F1A01AC000F80054A956 /* Sources */,
				7589F1A11AC000F80054A956 /* Frameworks */,
				7589F1A21AC000F80054A956 /* Resources */,
			);
			buildRules = (
			);
			dependencies = (
				7589F1A61AC000F80054A956 /* PBXTargetDependency */,
			);
			name = MonteCarlo3DTests;
			productName = MonteCarlo3DTests;
			productReference = 7589F1A41AC000F80054A956 /* MonteCarlo3DTests.xctest */;
			productType = "com.apple.product-type.bundle.unit-test";
		};
/* End PBXNativeTarget section */

/* Begin PBXProject section */
		7589F1861AC000F80054A956 /* Project object */ = {
			isa = PBXProject;
			attributes = {
				LastSwiftUpdateCheck = 0720;
				LastUpgradeCheck = 0700;
				ORGANIZATIONNAME = "Daniel Côté";
				TargetAttributes = {
					7589F18D1AC000F80054A956 = {
						CreatedOnToolsVersion = 6.3;
					};
					7589F1A31AC000F80054A956 = {
						CreatedOnToolsVersion = 6.3;
						TestTargetID = 7589F18D1AC000F80054A956;
					};
				};
			};
			buildConfigurationList = 7589F1891AC000F80054A956 /* Build configuration list for PBXProject "MonteCarlo3D" */;
			compatibilityVersion = "Xcode 3.2";
			developmentRegion = English;
			hasScannedForEncodings = 0;
			knownRegions = (
				en,
				Base,
			);
			mainGroup = 7589F1851AC000F80054A956;
			productRefGroup = 7589F18F1AC000F80054A956 /* Products */;
			projectDirPath = "";
			projectRoot = "";
			targets = (
				7589F18D1AC000F80054A956 /* MonteCarlo3D */,
				7589F1A31AC000F80054A956 /* MonteCarlo3DTests */,
			);
		};
/* End PBXProject section */

/* Begin PBXResourcesBuildPhase section */
		7589F18C1AC000F80054A956 /* Resources */ = {
			isa = PBXResourcesBuildPhase;
			buildActionMask = 2147483647;
			files = (
				7589F19C1AC000F80054A956 /* Images.xcassets in Resources */,
				7589F19F1AC000F80054A956 /* MainMenu.xib in Resources */,
			);
			runOnlyForDeploymentPostprocessing = 0;
		};
		7589F1A21AC000F80054A956 /* Resources */ = {
			isa = PBXResourcesBuildPhase;
			buildActionMask = 2147483647;
			files = (
			);
			runOnlyForDeploymentPostprocessing = 0;
		};
/* End PBXResourcesBuildPhase section */

/* Begin PBXSourcesBuildPhase section */
		7589F18A1AC000F80054A956 /* Sources */ = {
			isa = PBXSourcesBuildPhase;
			buildActionMask = 2147483647;
			files = (
				756A1DD81C72FDEE000ECC98 /* SCNGeometryExtension.swift in Sources */,
				7589F1C01AC066B80054A956 /* Photon.swift in Sources */,
				75A2D8EF1AC1B4C700AA42A9 /* SCNSceneExtension.swift in Sources */,
				75136D7E1C73AADA001B0BD2 /* SCNNodeExtension.swift in Sources */,
				75718DE71C7135E10028A29B /* KDTNode.swift in Sources */,
				7589F1BC1AC066B80054A956 /* BulkMaterial.swift in Sources */,
				7589F1BD1AC066B80054A956 /* BulkHenyeyGreenstein.swift in Sources */,
				7589F1961AC000F80054A956 /* MonteCarloView.swift in Sources */,
				7589F1981AC000F80054A956 /* MonteCarloViewController.swift in Sources */,
				7589F1941AC000F80054A956 /* AppDelegate.swift in Sources */,
				7589F1B51AC05D160054A956 /* SCNVectorExtension.swift in Sources */,
			);
			runOnlyForDeploymentPostprocessing = 0;
		};
		7589F1A01AC000F80054A956 /* Sources */ = {
			isa = PBXSourcesBuildPhase;
			buildActionMask = 2147483647;
			files = (
				75136D7F1C73AB0E001B0BD2 /* SCNNodeExtension.swift in Sources */,
				75DCE2FF1C87AC8200EC06BC /* KDTNodeTests.swift in Sources */,
				75F87D641C7E9BCA006B356F /* NodeExtensionTests.swift in Sources */,
				7589F1AB1AC000F80054A956 /* VectorTests.swift in Sources */,
				753CE1F21C547C2000E69669 /* SCNSceneExtension.swift in Sources */,
				75A2D8EC1AC0A57E00AA42A9 /* BulkMaterial.swift in Sources */,
				7589F1B61AC0646B0054A956 /* SCNVectorExtension.swift in Sources */,
				75DDE0AE1C7FCA9D00E15903 /* GeometryTests.swift in Sources */,
				75E1CF881C88E63800CF2715 /* BulkHenyeyGreenstein.swift in Sources */,
				75C67F691C73D19400BD80EA /* KDTNode.swift in Sources */,
				753CE1F11C54216F00E69669 /* SceneExtensionTests.swift in Sources */,
				756A1DD91C72FE3A000ECC98 /* SCNGeometryExtension.swift in Sources */,
				75A2D8ED1AC0A5C400AA42A9 /* Photon.swift in Sources */,
			);
			runOnlyForDeploymentPostprocessing = 0;
		};
/* End PBXSourcesBuildPhase section */

/* Begin PBXTargetDependency section */
		7589F1A61AC000F80054A956 /* PBXTargetDependency */ = {
			isa = PBXTargetDependency;
			target = 7589F18D1AC000F80054A956 /* MonteCarlo3D */;
			targetProxy = 7589F1A51AC000F80054A956 /* PBXContainerItemProxy */;
		};
/* End PBXTargetDependency section */

/* Begin PBXVariantGroup section */
		7589F19D1AC000F80054A956 /* MainMenu.xib */ = {
			isa = PBXVariantGroup;
			children = (
				7589F19E1AC000F80054A956 /* Base */,
			);
			name = MainMenu.xib;
			sourceTree = "<group>";
		};
/* End PBXVariantGroup section */

/* Begin XCBuildConfiguration section */
		7589F1AC1AC000F80054A956 /* Debug */ = {
			isa = XCBuildConfiguration;
			buildSettings = {
				ALWAYS_SEARCH_USER_PATHS = NO;
				CLANG_CXX_LANGUAGE_STANDARD = "gnu++0x";
				CLANG_CXX_LIBRARY = "libc++";
				CLANG_ENABLE_MODULES = YES;
				CLANG_ENABLE_OBJC_ARC = YES;
				CLANG_WARN_BOOL_CONVERSION = YES;
				CLANG_WARN_CONSTANT_CONVERSION = YES;
				CLANG_WARN_DIRECT_OBJC_ISA_USAGE = YES_ERROR;
				CLANG_WARN_EMPTY_BODY = YES;
				CLANG_WARN_ENUM_CONVERSION = YES;
				CLANG_WARN_INT_CONVERSION = YES;
				CLANG_WARN_OBJC_ROOT_CLASS = YES_ERROR;
				CLANG_WARN_UNREACHABLE_CODE = YES;
				CLANG_WARN__DUPLICATE_METHOD_MATCH = YES;
				CODE_SIGN_IDENTITY = "-";
				COPY_PHASE_STRIP = NO;
				DEBUG_INFORMATION_FORMAT = dwarf;
				ENABLE_STRICT_OBJC_MSGSEND = YES;
				ENABLE_TESTABILITY = YES;
				GCC_C_LANGUAGE_STANDARD = gnu99;
				GCC_DYNAMIC_NO_PIC = NO;
				GCC_OPTIMIZATION_LEVEL = 0;
				GCC_PREPROCESSOR_DEFINITIONS = (
					"DEBUG=1",
					"$(inherited)",
				);
				GCC_SYMBOLS_PRIVATE_EXTERN = NO;
				GCC_WARN_64_TO_32_BIT_CONVERSION = YES;
				GCC_WARN_ABOUT_RETURN_TYPE = YES_ERROR;
				GCC_WARN_UNDECLARED_SELECTOR = YES;
				GCC_WARN_UNINITIALIZED_AUTOS = YES_AGGRESSIVE;
				GCC_WARN_UNUSED_FUNCTION = YES;
				GCC_WARN_UNUSED_VARIABLE = YES;
				MACOSX_DEPLOYMENT_TARGET = 10.10;
				MTL_ENABLE_DEBUG_INFO = YES;
				ONLY_ACTIVE_ARCH = YES;
				SDKROOT = macosx;
				SWIFT_OPTIMIZATION_LEVEL = "-Onone";
			};
			name = Debug;
		};
		7589F1AD1AC000F80054A956 /* Release */ = {
			isa = XCBuildConfiguration;
			buildSettings = {
				ALWAYS_SEARCH_USER_PATHS = NO;
				CLANG_CXX_LANGUAGE_STANDARD = "gnu++0x";
				CLANG_CXX_LIBRARY = "libc++";
				CLANG_ENABLE_MODULES = YES;
				CLANG_ENABLE_OBJC_ARC = YES;
				CLANG_WARN_BOOL_CONVERSION = YES;
				CLANG_WARN_CONSTANT_CONVERSION = YES;
				CLANG_WARN_DIRECT_OBJC_ISA_USAGE = YES_ERROR;
				CLANG_WARN_EMPTY_BODY = YES;
				CLANG_WARN_ENUM_CONVERSION = YES;
				CLANG_WARN_INT_CONVERSION = YES;
				CLANG_WARN_OBJC_ROOT_CLASS = YES_ERROR;
				CLANG_WARN_UNREACHABLE_CODE = YES;
				CLANG_WARN__DUPLICATE_METHOD_MATCH = YES;
				CODE_SIGN_IDENTITY = "-";
				COPY_PHASE_STRIP = NO;
				DEBUG_INFORMATION_FORMAT = "dwarf-with-dsym";
				ENABLE_NS_ASSERTIONS = NO;
				ENABLE_STRICT_OBJC_MSGSEND = YES;
				GCC_C_LANGUAGE_STANDARD = gnu99;
				GCC_WARN_64_TO_32_BIT_CONVERSION = YES;
				GCC_WARN_ABOUT_RETURN_TYPE = YES_ERROR;
				GCC_WARN_UNDECLARED_SELECTOR = YES;
				GCC_WARN_UNINITIALIZED_AUTOS = YES_AGGRESSIVE;
				GCC_WARN_UNUSED_FUNCTION = YES;
				GCC_WARN_UNUSED_VARIABLE = YES;
				MACOSX_DEPLOYMENT_TARGET = 10.10;
				MTL_ENABLE_DEBUG_INFO = NO;
				SDKROOT = macosx;
			};
			name = Release;
		};
		7589F1AF1AC000F80054A956 /* Debug */ = {
			isa = XCBuildConfiguration;
			buildSettings = {
				ASSETCATALOG_COMPILER_APPICON_NAME = AppIcon;
				CLANG_ENABLE_MODULES = YES;
				COMBINE_HIDPI_IMAGES = YES;
				GCC_OPTIMIZATION_LEVEL = s;
				INFOPLIST_FILE = MonteCarlo3D/Info.plist;
				LD_RUNPATH_SEARCH_PATHS = "$(inherited) @executable_path/../Frameworks";
				PRODUCT_BUNDLE_IDENTIFIER = "ca.dcclab.$(PRODUCT_NAME:rfc1034identifier)";
				PRODUCT_NAME = "$(TARGET_NAME)";
				SWIFT_OPTIMIZATION_LEVEL = "-Onone";
			};
			name = Debug;
		};
		7589F1B01AC000F80054A956 /* Release */ = {
			isa = XCBuildConfiguration;
			buildSettings = {
				ASSETCATALOG_COMPILER_APPICON_NAME = AppIcon;
				CLANG_ENABLE_MODULES = YES;
				COMBINE_HIDPI_IMAGES = YES;
				INFOPLIST_FILE = MonteCarlo3D/Info.plist;
				LD_RUNPATH_SEARCH_PATHS = "$(inherited) @executable_path/../Frameworks";
				PRODUCT_BUNDLE_IDENTIFIER = "ca.dcclab.$(PRODUCT_NAME:rfc1034identifier)";
				PRODUCT_NAME = "$(TARGET_NAME)";
			};
			name = Release;
		};
		7589F1B21AC000F80054A956 /* Debug */ = {
			isa = XCBuildConfiguration;
			buildSettings = {
				BUNDLE_LOADER = "$(TEST_HOST)";
				COMBINE_HIDPI_IMAGES = YES;
				FRAMEWORK_SEARCH_PATHS = (
					"$(DEVELOPER_FRAMEWORKS_DIR)",
					"$(inherited)",
				);
				GCC_PREPROCESSOR_DEFINITIONS = (
					"DEBUG=1",
					"$(inherited)",
				);
				INFOPLIST_FILE = MonteCarlo3DTests/Info.plist;
				LD_RUNPATH_SEARCH_PATHS = "$(inherited) @executable_path/../Frameworks @loader_path/../Frameworks";
				PRODUCT_BUNDLE_IDENTIFIER = "ca.dcclab.$(PRODUCT_NAME:rfc1034identifier)";
				PRODUCT_NAME = "$(TARGET_NAME)";
				TEST_HOST = "$(BUILT_PRODUCTS_DIR)/MonteCarlo3D.app/Contents/MacOS/MonteCarlo3D";
			};
			name = Debug;
		};
		7589F1B31AC000F80054A956 /* Release */ = {
			isa = XCBuildConfiguration;
			buildSettings = {
				BUNDLE_LOADER = "$(TEST_HOST)";
				COMBINE_HIDPI_IMAGES = YES;
				FRAMEWORK_SEARCH_PATHS = (
					"$(DEVELOPER_FRAMEWORKS_DIR)",
					"$(inherited)",
				);
				INFOPLIST_FILE = MonteCarlo3DTests/Info.plist;
				LD_RUNPATH_SEARCH_PATHS = "$(inherited) @executable_path/../Frameworks @loader_path/../Frameworks";
				PRODUCT_BUNDLE_IDENTIFIER = "ca.dcclab.$(PRODUCT_NAME:rfc1034identifier)";
				PRODUCT_NAME = "$(TARGET_NAME)";
				TEST_HOST = "$(BUILT_PRODUCTS_DIR)/MonteCarlo3D.app/Contents/MacOS/MonteCarlo3D";
			};
			name = Release;
		};
/* End XCBuildConfiguration section */

/* Begin XCConfigurationList section */
		7589F1891AC000F80054A956 /* Build configuration list for PBXProject "MonteCarlo3D" */ = {
			isa = XCConfigurationList;
			buildConfigurations = (
				7589F1AC1AC000F80054A956 /* Debug */,
				7589F1AD1AC000F80054A956 /* Release */,
			);
			defaultConfigurationIsVisible = 0;
			defaultConfigurationName = Release;
		};
		7589F1AE1AC000F80054A956 /* Build configuration list for PBXNativeTarget "MonteCarlo3D" */ = {
			isa = XCConfigurationList;
			buildConfigurations = (
				7589F1AF1AC000F80054A956 /* Debug */,
				7589F1B01AC000F80054A956 /* Release */,
			);
			defaultConfigurationIsVisible = 0;
			defaultConfigurationName = Release;
		};
		7589F1B11AC000F80054A956 /* Build configuration list for PBXNativeTarget "MonteCarlo3DTests" */ = {
			isa = XCConfigurationList;
			buildConfigurations = (
				7589F1B21AC000F80054A956 /* Debug */,
				7589F1B31AC000F80054A956 /* Release */,
			);
			defaultConfigurationIsVisible = 0;
			defaultConfigurationName = Release;
		};
/* End XCConfigurationList section */
	};
	rootObject = 7589F1861AC000F80054A956 /* Project object */;
}
